
Microsoft Visual Studio Solution File, Format Version 12.00
# Visual Studio Version 17
VisualStudioVersion = 17.9.34607.119
MinimumVisualStudioVersion = 10.0.40219.1
Project("{FAE04EC0-301F-11D3-BF4B-00C04F79EFBC}") = "DziedziczenieWCS", "DziedziczenieWCS.csproj", "{4BAEE0F5-D5CE-420B-86CC-C4604F620145}"
EndProject
Global
	GlobalSection(SolutionConfigurationPlatforms) = preSolution
		Debug|Any CPU = Debug|Any CPU
		Release|Any CPU = Release|Any CPU
	EndGlobalSection
	GlobalSection(ProjectConfigurationPlatforms) = postSolution
		{4BAEE0F5-D5CE-420B-86CC-C4604F620145}.Debug|Any CPU.ActiveCfg = Debug|Any CPU
		{4BAEE0F5-D5CE-420B-86CC-C4604F620145}.Debug|Any CPU.Build.0 = Debug|Any CPU
		{4BAEE0F5-D5CE-420B-86CC-C4604F620145}.Release|Any CPU.ActiveCfg = Release|Any CPU
		{4BAEE0F5-D5CE-420B-86CC-C4604F620145}.Release|Any CPU.Build.0 = Release|Any CPU
	EndGlobalSection
	GlobalSection(SolutionProperties) = preSolution
		HideSolutionNode = FALSE
	EndGlobalSection
	GlobalSection(ExtensibilityGlobals) = postSolution
		SolutionGuid = {E75C2C62-6FBE-478D-9553-47467767527D}
	EndGlobalSection
EndGlobal
